// !$*UTF8*$!
{
	archiveVersion = 1;
	classes = {
	};
	objectVersion = 50;
	objects = {

/* Begin PBXBuildFile section */
		E82F122921AEC18A0011BE46 /* AppDelegate.swift in Sources */ = {isa = PBXBuildFile; fileRef = E82F122821AEC18A0011BE46 /* AppDelegate.swift */; };
		E82F122B21AEC18A0011BE46 /* ViewController.swift in Sources */ = {isa = PBXBuildFile; fileRef = E82F122A21AEC18A0011BE46 /* ViewController.swift */; };
		E82F122E21AEC18A0011BE46 /* Main.storyboard in Resources */ = {isa = PBXBuildFile; fileRef = E82F122C21AEC18A0011BE46 /* Main.storyboard */; };
		E82F123021AEC18B0011BE46 /* Assets.xcassets in Resources */ = {isa = PBXBuildFile; fileRef = E82F122F21AEC18B0011BE46 /* Assets.xcassets */; };
		E82F123321AEC18B0011BE46 /* LaunchScreen.storyboard in Resources */ = {isa = PBXBuildFile; fileRef = E82F123121AEC18B0011BE46 /* LaunchScreen.storyboard */; };
		E82F123E21AEC18B0011BE46 /* BankAppTests.swift in Sources */ = {isa = PBXBuildFile; fileRef = E82F123D21AEC18B0011BE46 /* BankAppTests.swift */; };
		E82F124921AEC18B0011BE46 /* BankAppUITests.swift in Sources */ = {isa = PBXBuildFile; fileRef = E82F124821AEC18B0011BE46 /* BankAppUITests.swift */; };
/* End PBXBuildFile section */

/* Begin PBXContainerItemProxy section */
		E82F123A21AEC18B0011BE46 /* PBXContainerItemProxy */ = {
			isa = PBXContainerItemProxy;
			containerPortal = E82F121D21AEC18A0011BE46 /* Project object */;
			proxyType = 1;
			remoteGlobalIDString = E82F122421AEC18A0011BE46;
			remoteInfo = BankApp;
		};
		E82F124521AEC18B0011BE46 /* PBXContainerItemProxy */ = {
			isa = PBXContainerItemProxy;
			containerPortal = E82F121D21AEC18A0011BE46 /* Project object */;
			proxyType = 1;
			remoteGlobalIDString = E82F122421AEC18A0011BE46;
			remoteInfo = BankApp;
		};
/* End PBXContainerItemProxy section */

/* Begin PBXFileReference section */
		E82F122521AEC18A0011BE46 /* BankApp.app */ = {isa = PBXFileReference; explicitFileType = wrapper.application; includeInIndex = 0; path = BankApp.app; sourceTree = BUILT_PRODUCTS_DIR; };
		E82F122821AEC18A0011BE46 /* AppDelegate.swift */ = {isa = PBXFileReference; lastKnownFileType = sourcecode.swift; path = AppDelegate.swift; sourceTree = "<group>"; };
		E82F122A21AEC18A0011BE46 /* ViewController.swift */ = {isa = PBXFileReference; lastKnownFileType = sourcecode.swift; path = ViewController.swift; sourceTree = "<group>"; };
		E82F122D21AEC18A0011BE46 /* Base */ = {isa = PBXFileReference; lastKnownFileType = file.storyboard; name = Base; path = Base.lproj/Main.storyboard; sourceTree = "<group>"; };
		E82F122F21AEC18B0011BE46 /* Assets.xcassets */ = {isa = PBXFileReference; lastKnownFileType = folder.assetcatalog; path = Assets.xcassets; sourceTree = "<group>"; };
		E82F123221AEC18B0011BE46 /* Base */ = {isa = PBXFileReference; lastKnownFileType = file.storyboard; name = Base; path = Base.lproj/LaunchScreen.storyboard; sourceTree = "<group>"; };
		E82F123421AEC18B0011BE46 /* Info.plist */ = {isa = PBXFileReference; lastKnownFileType = text.plist.xml; path = Info.plist; sourceTree = "<group>"; };
		E82F123921AEC18B0011BE46 /* BankAppTests.xctest */ = {isa = PBXFileReference; explicitFileType = wrapper.cfbundle; includeInIndex = 0; path = BankAppTests.xctest; sourceTree = BUILT_PRODUCTS_DIR; };
		E82F123D21AEC18B0011BE46 /* BankAppTests.swift */ = {isa = PBXFileReference; lastKnownFileType = sourcecode.swift; path = BankAppTests.swift; sourceTree = "<group>"; };
		E82F123F21AEC18B0011BE46 /* Info.plist */ = {isa = PBXFileReference; lastKnownFileType = text.plist.xml; path = Info.plist; sourceTree = "<group>"; };
		E82F124421AEC18B0011BE46 /* BankAppUITests.xctest */ = {isa = PBXFileReference; explicitFileType = wrapper.cfbundle; includeInIndex = 0; path = BankAppUITests.xctest; sourceTree = BUILT_PRODUCTS_DIR; };
		E82F124821AEC18B0011BE46 /* BankAppUITests.swift */ = {isa = PBXFileReference; lastKnownFileType = sourcecode.swift; path = BankAppUITests.swift; sourceTree = "<group>"; };
		E82F124A21AEC18B0011BE46 /* Info.plist */ = {isa = PBXFileReference; lastKnownFileType = text.plist.xml; path = Info.plist; sourceTree = "<group>"; };
/* End PBXFileReference section */

/* Begin PBXFrameworksBuildPhase section */
		E82F122221AEC18A0011BE46 /* Frameworks */ = {
			isa = PBXFrameworksBuildPhase;
			buildActionMask = 2147483647;
			files = (
			);
			runOnlyForDeploymentPostprocessing = 0;
		};
		E82F123621AEC18B0011BE46 /* Frameworks */ = {
			isa = PBXFrameworksBuildPhase;
			buildActionMask = 2147483647;
			files = (
			);
			runOnlyForDeploymentPostprocessing = 0;
		};
		E82F124121AEC18B0011BE46 /* Frameworks */ = {
			isa = PBXFrameworksBuildPhase;
			buildActionMask = 2147483647;
			files = (
			);
			runOnlyForDeploymentPostprocessing = 0;
		};
/* End PBXFrameworksBuildPhase section */

/* Begin PBXGroup section */
		E82F121C21AEC18A0011BE46 = {
			isa = PBXGroup;
			children = (
				E82F122721AEC18A0011BE46 /* BankApp */,
				E82F123C21AEC18B0011BE46 /* BankAppTests */,
				E82F124721AEC18B0011BE46 /* BankAppUITests */,
				E82F122621AEC18A0011BE46 /* Products */,
			);
			sourceTree = "<group>";
		};
		E82F122621AEC18A0011BE46 /* Products */ = {
			isa = PBXGroup;
			children = (
				E82F122521AEC18A0011BE46 /* BankApp.app */,
				E82F123921AEC18B0011BE46 /* BankAppTests.xctest */,
				E82F124421AEC18B0011BE46 /* BankAppUITests.xctest */,
			);
			name = Products;
			sourceTree = "<group>";
		};
		E82F122721AEC18A0011BE46 /* BankApp */ = {
			isa = PBXGroup;
			children = (
				E82F122821AEC18A0011BE46 /* AppDelegate.swift */,
				E82F122A21AEC18A0011BE46 /* ViewController.swift */,
				E82F122C21AEC18A0011BE46 /* Main.storyboard */,
				E82F122F21AEC18B0011BE46 /* Assets.xcassets */,
				E82F123121AEC18B0011BE46 /* LaunchScreen.storyboard */,
				E82F123421AEC18B0011BE46 /* Info.plist */,
			);
			path = BankApp;
			sourceTree = "<group>";
		};
		E82F123C21AEC18B0011BE46 /* BankAppTests */ = {
			isa = PBXGroup;
			children = (
				E82F123D21AEC18B0011BE46 /* BankAppTests.swift */,
				E82F123F21AEC18B0011BE46 /* Info.plist */,
			);
			path = BankAppTests;
			sourceTree = "<group>";
		};
		E82F124721AEC18B0011BE46 /* BankAppUITests */ = {
			isa = PBXGroup;
			children = (
				E82F124821AEC18B0011BE46 /* BankAppUITests.swift */,
				E82F124A21AEC18B0011BE46 /* Info.plist */,
			);
			path = BankAppUITests;
			sourceTree = "<group>";
		};
/* End PBXGroup section */

/* Begin PBXNativeTarget section */
		E82F122421AEC18A0011BE46 /* BankApp */ = {
			isa = PBXNativeTarget;
			buildConfigurationList = E82F124D21AEC18B0011BE46 /* Build configuration list for PBXNativeTarget "BankApp" */;
			buildPhases = (
				E82F122121AEC18A0011BE46 /* Sources */,
				E82F122221AEC18A0011BE46 /* Frameworks */,
				E82F122321AEC18A0011BE46 /* Resources */,
			);
			buildRules = (
			);
			dependencies = (
			);
			name = BankApp;
			productName = BankApp;
			productReference = E82F122521AEC18A0011BE46 /* BankApp.app */;
			productType = "com.apple.product-type.application";
		};
		E82F123821AEC18B0011BE46 /* BankAppTests */ = {
			isa = PBXNativeTarget;
			buildConfigurationList = E82F125021AEC18B0011BE46 /* Build configuration list for PBXNativeTarget "BankAppTests" */;
			buildPhases = (
				E82F123521AEC18B0011BE46 /* Sources */,
				E82F123621AEC18B0011BE46 /* Frameworks */,
				E82F123721AEC18B0011BE46 /* Resources */,
			);
			buildRules = (
			);
			dependencies = (
				E82F123B21AEC18B0011BE46 /* PBXTargetDependency */,
			);
			name = BankAppTests;
			productName = BankAppTests;
			productReference = E82F123921AEC18B0011BE46 /* BankAppTests.xctest */;
			productType = "com.apple.product-type.bundle.unit-test";
		};
		E82F124321AEC18B0011BE46 /* BankAppUITests */ = {
			isa = PBXNativeTarget;
			buildConfigurationList = E82F125321AEC18B0011BE46 /* Build configuration list for PBXNativeTarget "BankAppUITests" */;
			buildPhases = (
				E82F124021AEC18B0011BE46 /* Sources */,
				E82F124121AEC18B0011BE46 /* Frameworks */,
				E82F124221AEC18B0011BE46 /* Resources */,
			);
			buildRules = (
			);
			dependencies = (
				E82F124621AEC18B0011BE46 /* PBXTargetDependency */,
			);
			name = BankAppUITests;
			productName = BankAppUITests;
			productReference = E82F124421AEC18B0011BE46 /* BankAppUITests.xctest */;
			productType = "com.apple.product-type.bundle.ui-testing";
		};
/* End PBXNativeTarget section */

/* Begin PBXProject section */
		E82F121D21AEC18A0011BE46 /* Project object */ = {
			isa = PBXProject;
			attributes = {
				LastSwiftUpdateCheck = 0940;
				LastUpgradeCheck = 0940;
				ORGANIZATIONNAME = "Hai Le Thanh";
				TargetAttributes = {
					E82F122421AEC18A0011BE46 = {
						CreatedOnToolsVersion = 9.4.1;
					};
					E82F123821AEC18B0011BE46 = {
						CreatedOnToolsVersion = 9.4.1;
						TestTargetID = E82F122421AEC18A0011BE46;
					};
					E82F124321AEC18B0011BE46 = {
						CreatedOnToolsVersion = 9.4.1;
						TestTargetID = E82F122421AEC18A0011BE46;
					};
				};
			};
			buildConfigurationList = E82F122021AEC18A0011BE46 /* Build configuration list for PBXProject "BankApp" */;
			compatibilityVersion = "Xcode 9.3";
			developmentRegion = en;
			hasScannedForEncodings = 0;
			knownRegions = (
				en,
				Base,
			);
			mainGroup = E82F121C21AEC18A0011BE46;
			productRefGroup = E82F122621AEC18A0011BE46 /* Products */;
			projectDirPath = "";
			projectRoot = "";
			targets = (
				E82F122421AEC18A0011BE46 /* BankApp */,
				E82F123821AEC18B0011BE46 /* BankAppTests */,
				E82F124321AEC18B0011BE46 /* BankAppUITests */,
			);
		};
/* End PBXProject section */

/* Begin PBXResourcesBuildPhase section */
		E82F122321AEC18A0011BE46 /* Resources */ = {
			isa = PBXResourcesBuildPhase;
			buildActionMask = 2147483647;
			files = (
				E82F123321AEC18B0011BE46 /* LaunchScreen.storyboard in Resources */,
				E82F123021AEC18B0011BE46 /* Assets.xcassets in Resources */,
				E82F122E21AEC18A0011BE46 /* Main.storyboard in Resources */,
			);
			runOnlyForDeploymentPostprocessing = 0;
		};
		E82F123721AEC18B0011BE46 /* Resources */ = {
			isa = PBXResourcesBuildPhase;
			buildActionMask = 2147483647;
			files = (
			);
			runOnlyForDeploymentPostprocessing = 0;
		};
		E82F124221AEC18B0011BE46 /* Resources */ = {
			isa = PBXResourcesBuildPhase;
			buildActionMask = 2147483647;
			files = (
			);
			runOnlyForDeploymentPostprocessing = 0;
		};
/* End PBXResourcesBuildPhase section */

/* Begin PBXSourcesBuildPhase section */
		E82F122121AEC18A0011BE46 /* Sources */ = {
			isa = PBXSourcesBuildPhase;
			buildActionMask = 2147483647;
			files = (
				E82F122B21AEC18A0011BE46 /* ViewController.swift in Sources */,
				E82F122921AEC18A0011BE46 /* AppDelegate.swift in Sources */,
			);
			runOnlyForDeploymentPostprocessing = 0;
		};
		E82F123521AEC18B0011BE46 /* Sources */ = {
			isa = PBXSourcesBuildPhase;
			buildActionMask = 2147483647;
			files = (
				E82F123E21AEC18B0011BE46 /* BankAppTests.swift in Sources */,
			);
			runOnlyForDeploymentPostprocessing = 0;
		};
		E82F124021AEC18B0011BE46 /* Sources */ = {
			isa = PBXSourcesBuildPhase;
			buildActionMask = 2147483647;
			files = (
				E82F124921AEC18B0011BE46 /* BankAppUITests.swift in Sources */,
			);
			runOnlyForDeploymentPostprocessing = 0;
		};
/* End PBXSourcesBuildPhase section */

/* Begin PBXTargetDependency section */
		E82F123B21AEC18B0011BE46 /* PBXTargetDependency */ = {
			isa = PBXTargetDependency;
			target = E82F122421AEC18A0011BE46 /* BankApp */;
			targetProxy = E82F123A21AEC18B0011BE46 /* PBXContainerItemProxy */;
		};
		E82F124621AEC18B0011BE46 /* PBXTargetDependency */ = {
			isa = PBXTargetDependency;
			target = E82F122421AEC18A0011BE46 /* BankApp */;
			targetProxy = E82F124521AEC18B0011BE46 /* PBXContainerItemProxy */;
		};
/* End PBXTargetDependency section */

/* Begin PBXVariantGroup section */
		E82F122C21AEC18A0011BE46 /* Main.storyboard */ = {
			isa = PBXVariantGroup;
			children = (
				E82F122D21AEC18A0011BE46 /* Base */,
			);
			name = Main.storyboard;
			sourceTree = "<group>";
		};
		E82F123121AEC18B0011BE46 /* LaunchScreen.storyboard */ = {
			isa = PBXVariantGroup;
			children = (
				E82F123221AEC18B0011BE46 /* Base */,
			);
			name = LaunchScreen.storyboard;
			sourceTree = "<group>";
		};
/* End PBXVariantGroup section */

/* Begin XCBuildConfiguration section */
		E82F124B21AEC18B0011BE46 /* Debug */ = {
			isa = XCBuildConfiguration;
			buildSettings = {
				ALWAYS_SEARCH_USER_PATHS = NO;
				CLANG_ANALYZER_NONNULL = YES;
				CLANG_ANALYZER_NUMBER_OBJECT_CONVERSION = YES_AGGRESSIVE;
				CLANG_CXX_LANGUAGE_STANDARD = "gnu++14";
				CLANG_CXX_LIBRARY = "libc++";
				CLANG_ENABLE_MODULES = YES;
				CLANG_ENABLE_OBJC_ARC = YES;
				CLANG_ENABLE_OBJC_WEAK = YES;
				CLANG_WARN_BLOCK_CAPTURE_AUTORELEASING = YES;
				CLANG_WARN_BOOL_CONVERSION = YES;
				CLANG_WARN_COMMA = YES;
				CLANG_WARN_CONSTANT_CONVERSION = YES;
				CLANG_WARN_DEPRECATED_OBJC_IMPLEMENTATIONS = YES;
				CLANG_WARN_DIRECT_OBJC_ISA_USAGE = YES_ERROR;
				CLANG_WARN_DOCUMENTATION_COMMENTS = YES;
				CLANG_WARN_EMPTY_BODY = YES;
				CLANG_WARN_ENUM_CONVERSION = YES;
				CLANG_WARN_INFINITE_RECURSION = YES;
				CLANG_WARN_INT_CONVERSION = YES;
				CLANG_WARN_NON_LITERAL_NULL_CONVERSION = YES;
				CLANG_WARN_OBJC_IMPLICIT_RETAIN_SELF = YES;
				CLANG_WARN_OBJC_LITERAL_CONVERSION = YES;
				CLANG_WARN_OBJC_ROOT_CLASS = YES_ERROR;
				CLANG_WARN_RANGE_LOOP_ANALYSIS = YES;
				CLANG_WARN_STRICT_PROTOTYPES = YES;
				CLANG_WARN_SUSPICIOUS_MOVE = YES;
				CLANG_WARN_UNGUARDED_AVAILABILITY = YES_AGGRESSIVE;
				CLANG_WARN_UNREACHABLE_CODE = YES;
				CLANG_WARN__DUPLICATE_METHOD_MATCH = YES;
				CODE_SIGN_IDENTITY = "iPhone Developer";
				COPY_PHASE_STRIP = NO;
				DEBUG_INFORMATION_FORMAT = dwarf;
				ENABLE_STRICT_OBJC_MSGSEND = YES;
				ENABLE_TESTABILITY = YES;
				GCC_C_LANGUAGE_STANDARD = gnu11;
				GCC_DYNAMIC_NO_PIC = NO;
				GCC_NO_COMMON_BLOCKS = YES;
				GCC_OPTIMIZATION_LEVEL = 0;
				GCC_PREPROCESSOR_DEFINITIONS = (
					"DEBUG=1",
					"$(inherited)",
				);
				GCC_WARN_64_TO_32_BIT_CONVERSION = YES;
				GCC_WARN_ABOUT_RETURN_TYPE = YES_ERROR;
				GCC_WARN_UNDECLARED_SELECTOR = YES;
				GCC_WARN_UNINITIALIZED_AUTOS = YES_AGGRESSIVE;
				GCC_WARN_UNUSED_FUNCTION = YES;
				GCC_WARN_UNUSED_VARIABLE = YES;
				IPHONEOS_DEPLOYMENT_TARGET = 11.4;
				MTL_ENABLE_DEBUG_INFO = YES;
				ONLY_ACTIVE_ARCH = YES;
				SDKROOT = iphoneos;
				SWIFT_ACTIVE_COMPILATION_CONDITIONS = DEBUG;
				SWIFT_OPTIMIZATION_LEVEL = "-Onone";
			};
			name = Debug;
		};
		E82F124C21AEC18B0011BE46 /* Release */ = {
			isa = XCBuildConfiguration;
			buildSettings = {
				ALWAYS_SEARCH_USER_PATHS = NO;
				CLANG_ANALYZER_NONNULL = YES;
				CLANG_ANALYZER_NUMBER_OBJECT_CONVERSION = YES_AGGRESSIVE;
				CLANG_CXX_LANGUAGE_STANDARD = "gnu++14";
				CLANG_CXX_LIBRARY = "libc++";
				CLANG_ENABLE_MODULES = YES;
				CLANG_ENABLE_OBJC_ARC = YES;
				CLANG_ENABLE_OBJC_WEAK = YES;
				CLANG_WARN_BLOCK_CAPTURE_AUTORELEASING = YES;
				CLANG_WARN_BOOL_CONVERSION = YES;
				CLANG_WARN_COMMA = YES;
				CLANG_WARN_CONSTANT_CONVERSION = YES;
				CLANG_WARN_DEPRECATED_OBJC_IMPLEMENTATIONS = YES;
				CLANG_WARN_DIRECT_OBJC_ISA_USAGE = YES_ERROR;
				CLANG_WARN_DOCUMENTATION_COMMENTS = YES;
				CLANG_WARN_EMPTY_BODY = YES;
				CLANG_WARN_ENUM_CONVERSION = YES;
				CLANG_WARN_INFINITE_RECURSION = YES;
				CLANG_WARN_INT_CONVERSION = YES;
				CLANG_WARN_NON_LITERAL_NULL_CONVERSION = YES;
				CLANG_WARN_OBJC_IMPLICIT_RETAIN_SELF = YES;
				CLANG_WARN_OBJC_LITERAL_CONVERSION = YES;
				CLANG_WARN_OBJC_ROOT_CLASS = YES_ERROR;
				CLANG_WARN_RANGE_LOOP_ANALYSIS = YES;
				CLANG_WARN_STRICT_PROTOTYPES = YES;
				CLANG_WARN_SUSPICIOUS_MOVE = YES;
				CLANG_WARN_UNGUARDED_AVAILABILITY = YES_AGGRESSIVE;
				CLANG_WARN_UNREACHABLE_CODE = YES;
				CLANG_WARN__DUPLICATE_METHOD_MATCH = YES;
				CODE_SIGN_IDENTITY = "iPhone Developer";
				COPY_PHASE_STRIP = NO;
				DEBUG_INFORMATION_FORMAT = "dwarf-with-dsym";
				ENABLE_NS_ASSERTIONS = NO;
				ENABLE_STRICT_OBJC_MSGSEND = YES;
				GCC_C_LANGUAGE_STANDARD = gnu11;
				GCC_NO_COMMON_BLOCKS = YES;
				GCC_WARN_64_TO_32_BIT_CONVERSION = YES;
				GCC_WARN_ABOUT_RETURN_TYPE = YES_ERROR;
				GCC_WARN_UNDECLARED_SELECTOR = YES;
				GCC_WARN_UNINITIALIZED_AUTOS = YES_AGGRESSIVE;
				GCC_WARN_UNUSED_FUNCTION = YES;
				GCC_WARN_UNUSED_VARIABLE = YES;
				IPHONEOS_DEPLOYMENT_TARGET = 11.4;
				MTL_ENABLE_DEBUG_INFO = NO;
				SDKROOT = iphoneos;
				SWIFT_COMPILATION_MODE = wholemodule;
				SWIFT_OPTIMIZATION_LEVEL = "-O";
				VALIDATE_PRODUCT = YES;
			};
			name = Release;
		};
		E82F124E21AEC18B0011BE46 /* Debug */ = {
			isa = XCBuildConfiguration;
			buildSettings = {
				ASSETCATALOG_COMPILER_APPICON_NAME = AppIcon;
				CODE_SIGN_STYLE = Automatic;
				INFOPLIST_FILE = BankApp/Info.plist;
				LD_RUNPATH_SEARCH_PATHS = (
					"$(inherited)",
					"@executable_path/Frameworks",
				);
				PRODUCT_BUNDLE_IDENTIFIER = com.haile.BankApp;
				PRODUCT_NAME = "$(TARGET_NAME)";
				SWIFT_VERSION = 4.0;
				TARGETED_DEVICE_FAMILY = "1,2";
			};
			name = Debug;
		};
		E82F124F21AEC18B0011BE46 /* Release */ = {
			isa = XCBuildConfiguration;
			buildSettings = {
				ASSETCATALOG_COMPILER_APPICON_NAME = AppIcon;
				CODE_SIGN_STYLE = Automatic;
				INFOPLIST_FILE = BankApp/Info.plist;
				LD_RUNPATH_SEARCH_PATHS = (
					"$(inherited)",
					"@executable_path/Frameworks",
				);
				PRODUCT_BUNDLE_IDENTIFIER = com.haile.BankApp;
				PRODUCT_NAME = "$(TARGET_NAME)";
				SWIFT_VERSION = 4.0;
				TARGETED_DEVICE_FAMILY = "1,2";
			};
			name = Release;
		};
		E82F125121AEC18B0011BE46 /* Debug */ = {
			isa = XCBuildConfiguration;
			buildSettings = {
				ALWAYS_EMBED_SWIFT_STANDARD_LIBRARIES = YES;
				BUNDLE_LOADER = "$(TEST_HOST)";
				CODE_SIGN_STYLE = Automatic;
				INFOPLIST_FILE = BankAppTests/Info.plist;
				LD_RUNPATH_SEARCH_PATHS = (
					"$(inherited)",
					"@executable_path/Frameworks",
					"@loader_path/Frameworks",
				);
				PRODUCT_BUNDLE_IDENTIFIER = com.haile.BankAppTests;
				PRODUCT_NAME = "$(TARGET_NAME)";
				SWIFT_VERSION = 4.0;
				TARGETED_DEVICE_FAMILY = "1,2";
				TEST_HOST = "$(BUILT_PRODUCTS_DIR)/BankApp.app/BankApp";
			};
			name = Debug;
		};
		E82F125221AEC18B0011BE46 /* Release */ = {
			isa = XCBuildConfiguration;
			buildSettings = {
				ALWAYS_EMBED_SWIFT_STANDARD_LIBRARIES = YES;
				BUNDLE_LOADER = "$(TEST_HOST)";
				CODE_SIGN_STYLE = Automatic;
				INFOPLIST_FILE = BankAppTests/Info.plist;
				LD_RUNPATH_SEARCH_PATHS = (
					"$(inherited)",
					"@executable_path/Frameworks",
					"@loader_path/Frameworks",
				);
				PRODUCT_BUNDLE_IDENTIFIER = com.haile.BankAppTests;
				PRODUCT_NAME = "$(TARGET_NAME)";
				SWIFT_VERSION = 4.0;
				TARGETED_DEVICE_FAMILY = "1,2";
				TEST_HOST = "$(BUILT_PRODUCTS_DIR)/BankApp.app/BankApp";
			};
			name = Release;
		};
		E82F125421AEC18B0011BE46 /* Debug */ = {
			isa = XCBuildConfiguration;
			buildSettings = {
				ALWAYS_EMBED_SWIFT_STANDARD_LIBRARIES = YES;
				CODE_SIGN_STYLE = Automatic;
				INFOPLIST_FILE = BankAppUITests/Info.plist;
				LD_RUNPATH_SEARCH_PATHS = (
					"$(inherited)",
					"@executable_path/Frameworks",
					"@loader_path/Frameworks",
				);
				PRODUCT_BUNDLE_IDENTIFIER = com.haile.BankAppUITests;
				PRODUCT_NAME = "$(TARGET_NAME)";
				SWIFT_VERSION = 4.0;
				TARGETED_DEVICE_FAMILY = "1,2";
				TEST_TARGET_NAME = BankApp;
			};
			name = Debug;
		};
		E82F125521AEC18B0011BE46 /* Release */ = {
			isa = XCBuildConfiguration;
			buildSettings = {
				ALWAYS_EMBED_SWIFT_STANDARD_LIBRARIES = YES;
				CODE_SIGN_STYLE = Automatic;
				INFOPLIST_FILE = BankAppUITests/Info.plist;
				LD_RUNPATH_SEARCH_PATHS = (
					"$(inherited)",
					"@executable_path/Frameworks",
					"@loader_path/Frameworks",
				);
				PRODUCT_BUNDLE_IDENTIFIER = com.haile.BankAppUITests;
				PRODUCT_NAME = "$(TARGET_NAME)";
				SWIFT_VERSION = 4.0;
				TARGETED_DEVICE_FAMILY = "1,2";
				TEST_TARGET_NAME = BankApp;
			};
			name = Release;
		};
/* End XCBuildConfiguration section */

/* Begin XCConfigurationList section */
		E82F122021AEC18A0011BE46 /* Build configuration list for PBXProject "BankApp" */ = {
			isa = XCConfigurationList;
			buildConfigurations = (
				E82F124B21AEC18B0011BE46 /* Debug */,
				E82F124C21AEC18B0011BE46 /* Release */,
			);
			defaultConfigurationIsVisible = 0;
			defaultConfigurationName = Release;
		};
		E82F124D21AEC18B0011BE46 /* Build configuration list for PBXNativeTarget "BankApp" */ = {
			isa = XCConfigurationList;
			buildConfigurations = (
				E82F124E21AEC18B0011BE46 /* Debug */,
				E82F124F21AEC18B0011BE46 /* Release */,
			);
			defaultConfigurationIsVisible = 0;
			defaultConfigurationName = Release;
		};
		E82F125021AEC18B0011BE46 /* Build configuration list for PBXNativeTarget "BankAppTests" */ = {
			isa = XCConfigurationList;
			buildConfigurations = (
				E82F125121AEC18B0011BE46 /* Debug */,
				E82F125221AEC18B0011BE46 /* Release */,
			);
			defaultConfigurationIsVisible = 0;
			defaultConfigurationName = Release;
		};
		E82F125321AEC18B0011BE46 /* Build configuration list for PBXNativeTarget "BankAppUITests" */ = {
			isa = XCConfigurationList;
			buildConfigurations = (
				E82F125421AEC18B0011BE46 /* Debug */,
				E82F125521AEC18B0011BE46 /* Release */,
			);
			defaultConfigurationIsVisible = 0;
			defaultConfigurationName = Release;
		};
/* End XCConfigurationList section */
	};
	rootObject = E82F121D21AEC18A0011BE46 /* Project object */;
}
